// !$*UTF8*$!
{
	archiveVersion = 1;
	classes = {
	};
	objectVersion = 50;
	objects = {

/* Begin PBXBuildFile section */
		806B0E40230D68D7000A2CF6 /* AppDelegate.swift in Sources */ = {isa = PBXBuildFile; fileRef = 806B0E3F230D68D7000A2CF6 /* AppDelegate.swift */; };
		806B0E42230D68D8000A2CF6 /* Assets.xcassets in Resources */ = {isa = PBXBuildFile; fileRef = 806B0E41230D68D8000A2CF6 /* Assets.xcassets */; };
		806B0E45230D68D8000A2CF6 /* MainMenu.xib in Resources */ = {isa = PBXBuildFile; fileRef = 806B0E43230D68D8000A2CF6 /* MainMenu.xib */; };
		806B0E54230D6903000A2CF6 /* Cocoa.framework in Frameworks */ = {isa = PBXBuildFile; fileRef = 806B0E53230D6903000A2CF6 /* Cocoa.framework */; };
		806B0E57230D6903000A2CF6 /* SourceEditorExtension.swift in Sources */ = {isa = PBXBuildFile; fileRef = 806B0E56230D6903000A2CF6 /* SourceEditorExtension.swift */; };
		806B0E59230D6903000A2CF6 /* SourceEditorCommand.swift in Sources */ = {isa = PBXBuildFile; fileRef = 806B0E58230D6903000A2CF6 /* SourceEditorCommand.swift */; };
		806B0E5E230D6903000A2CF6 /* FormatterExtension.appex in Embed App Extensions */ = {isa = PBXBuildFile; fileRef = 806B0E51230D6903000A2CF6 /* FormatterExtension.appex */; settings = {ATTRIBUTES = (RemoveHeadersOnCopy, ); }; };
/* End PBXBuildFile section */

/* Begin PBXContainerItemProxy section */
		806B0E5C230D6903000A2CF6 /* PBXContainerItemProxy */ = {
			isa = PBXContainerItemProxy;
			containerPortal = 806B0E34230D68D7000A2CF6 /* Project object */;
			proxyType = 1;
			remoteGlobalIDString = 806B0E50230D6903000A2CF6;
			remoteInfo = FormatterExtension;
		};
/* End PBXContainerItemProxy section */

/* Begin PBXCopyFilesBuildPhase section */
		806B0E62230D6903000A2CF6 /* Embed App Extensions */ = {
			isa = PBXCopyFilesBuildPhase;
			buildActionMask = 2147483647;
			dstPath = "";
			dstSubfolderSpec = 13;
			files = (
				806B0E5E230D6903000A2CF6 /* FormatterExtension.appex in Embed App Extensions */,
			);
			name = "Embed App Extensions";
			runOnlyForDeploymentPostprocessing = 0;
		};
/* End PBXCopyFilesBuildPhase section */

/* Begin PBXFileReference section */
		806B0E3C230D68D7000A2CF6 /* XcodeCodeFormatter.app */ = {isa = PBXFileReference; explicitFileType = wrapper.application; includeInIndex = 0; path = XcodeCodeFormatter.app; sourceTree = BUILT_PRODUCTS_DIR; };
		806B0E3F230D68D7000A2CF6 /* AppDelegate.swift */ = {isa = PBXFileReference; lastKnownFileType = sourcecode.swift; path = AppDelegate.swift; sourceTree = "<group>"; };
		806B0E41230D68D8000A2CF6 /* Assets.xcassets */ = {isa = PBXFileReference; lastKnownFileType = folder.assetcatalog; path = Assets.xcassets; sourceTree = "<group>"; };
		806B0E44230D68D8000A2CF6 /* Base */ = {isa = PBXFileReference; lastKnownFileType = file.xib; name = Base; path = Base.lproj/MainMenu.xib; sourceTree = "<group>"; };
		806B0E46230D68D8000A2CF6 /* Info.plist */ = {isa = PBXFileReference; lastKnownFileType = text.plist.xml; path = Info.plist; sourceTree = "<group>"; };
		806B0E47230D68D8000A2CF6 /* XcodeCodeFormatter.entitlements */ = {isa = PBXFileReference; lastKnownFileType = text.plist.entitlements; path = XcodeCodeFormatter.entitlements; sourceTree = "<group>"; };
		806B0E51230D6903000A2CF6 /* FormatterExtension.appex */ = {isa = PBXFileReference; explicitFileType = "wrapper.app-extension"; includeInIndex = 0; path = FormatterExtension.appex; sourceTree = BUILT_PRODUCTS_DIR; };
		806B0E53230D6903000A2CF6 /* Cocoa.framework */ = {isa = PBXFileReference; lastKnownFileType = wrapper.framework; name = Cocoa.framework; path = System/Library/Frameworks/Cocoa.framework; sourceTree = SDKROOT; };
		806B0E56230D6903000A2CF6 /* SourceEditorExtension.swift */ = {isa = PBXFileReference; lastKnownFileType = sourcecode.swift; path = SourceEditorExtension.swift; sourceTree = "<group>"; };
		806B0E58230D6903000A2CF6 /* SourceEditorCommand.swift */ = {isa = PBXFileReference; lastKnownFileType = sourcecode.swift; path = SourceEditorCommand.swift; sourceTree = "<group>"; };
		806B0E5A230D6903000A2CF6 /* Info.plist */ = {isa = PBXFileReference; lastKnownFileType = text.plist.xml; path = Info.plist; sourceTree = "<group>"; };
		806B0E5B230D6903000A2CF6 /* FormatterExtension.entitlements */ = {isa = PBXFileReference; lastKnownFileType = text.plist.entitlements; path = FormatterExtension.entitlements; sourceTree = "<group>"; };
/* End PBXFileReference section */

/* Begin PBXFrameworksBuildPhase section */
		806B0E39230D68D7000A2CF6 /* Frameworks */ = {
			isa = PBXFrameworksBuildPhase;
			buildActionMask = 2147483647;
			files = (
			);
			runOnlyForDeploymentPostprocessing = 0;
		};
		806B0E4E230D6903000A2CF6 /* Frameworks */ = {
			isa = PBXFrameworksBuildPhase;
			buildActionMask = 2147483647;
			files = (
				806B0E54230D6903000A2CF6 /* Cocoa.framework in Frameworks */,
			);
			runOnlyForDeploymentPostprocessing = 0;
		};
/* End PBXFrameworksBuildPhase section */

/* Begin PBXGroup section */
		806B0E33230D68D7000A2CF6 = {
			isa = PBXGroup;
			children = (
				806B0E3E230D68D7000A2CF6 /* XcodeCodeFormatter */,
				806B0E55230D6903000A2CF6 /* FormatterExtension */,
				806B0E52230D6903000A2CF6 /* Frameworks */,
				806B0E3D230D68D7000A2CF6 /* Products */,
			);
			sourceTree = "<group>";
		};
		806B0E3D230D68D7000A2CF6 /* Products */ = {
			isa = PBXGroup;
			children = (
				806B0E3C230D68D7000A2CF6 /* XcodeCodeFormatter.app */,
				806B0E51230D6903000A2CF6 /* FormatterExtension.appex */,
			);
			name = Products;
			sourceTree = "<group>";
		};
		806B0E3E230D68D7000A2CF6 /* XcodeCodeFormatter */ = {
			isa = PBXGroup;
			children = (
				806B0E3F230D68D7000A2CF6 /* AppDelegate.swift */,
				806B0E41230D68D8000A2CF6 /* Assets.xcassets */,
				806B0E43230D68D8000A2CF6 /* MainMenu.xib */,
				806B0E46230D68D8000A2CF6 /* Info.plist */,
				806B0E47230D68D8000A2CF6 /* XcodeCodeFormatter.entitlements */,
			);
			path = XcodeCodeFormatter;
			sourceTree = "<group>";
		};
		806B0E52230D6903000A2CF6 /* Frameworks */ = {
			isa = PBXGroup;
			children = (
				806B0E53230D6903000A2CF6 /* Cocoa.framework */,
			);
			name = Frameworks;
			sourceTree = "<group>";
		};
		806B0E55230D6903000A2CF6 /* FormatterExtension */ = {
			isa = PBXGroup;
			children = (
				806B0E56230D6903000A2CF6 /* SourceEditorExtension.swift */,
				806B0E58230D6903000A2CF6 /* SourceEditorCommand.swift */,
				806B0E5A230D6903000A2CF6 /* Info.plist */,
				806B0E5B230D6903000A2CF6 /* FormatterExtension.entitlements */,
			);
			path = FormatterExtension;
			sourceTree = "<group>";
		};
/* End PBXGroup section */

/* Begin PBXNativeTarget section */
		806B0E3B230D68D7000A2CF6 /* XcodeCodeFormatter */ = {
			isa = PBXNativeTarget;
			buildConfigurationList = 806B0E4A230D68D8000A2CF6 /* Build configuration list for PBXNativeTarget "XcodeCodeFormatter" */;
			buildPhases = (
				806B0E38230D68D7000A2CF6 /* Sources */,
				806B0E39230D68D7000A2CF6 /* Frameworks */,
				806B0E3A230D68D7000A2CF6 /* Resources */,
				806B0E62230D6903000A2CF6 /* Embed App Extensions */,
			);
			buildRules = (
			);
			dependencies = (
				806B0E5D230D6903000A2CF6 /* PBXTargetDependency */,
			);
			name = XcodeCodeFormatter;
			productName = XcodeCodeFormatter;
			productReference = 806B0E3C230D68D7000A2CF6 /* XcodeCodeFormatter.app */;
			productType = "com.apple.product-type.application";
		};
		806B0E50230D6903000A2CF6 /* FormatterExtension */ = {
			isa = PBXNativeTarget;
			buildConfigurationList = 806B0E5F230D6903000A2CF6 /* Build configuration list for PBXNativeTarget "FormatterExtension" */;
			buildPhases = (
				806B0E4D230D6903000A2CF6 /* Sources */,
				806B0E4E230D6903000A2CF6 /* Frameworks */,
				806B0E4F230D6903000A2CF6 /* Resources */,
			);
			buildRules = (
			);
			dependencies = (
			);
			name = FormatterExtension;
			productName = FormatterExtension;
			productReference = 806B0E51230D6903000A2CF6 /* FormatterExtension.appex */;
			productType = "com.apple.product-type.xcode-extension";
		};
/* End PBXNativeTarget section */

/* Begin PBXProject section */
		806B0E34230D68D7000A2CF6 /* Project object */ = {
			isa = PBXProject;
			attributes = {
				LastSwiftUpdateCheck = 1030;
				LastUpgradeCheck = 1030;
				ORGANIZATIONNAME = NanoSparrow;
				TargetAttributes = {
					806B0E3B230D68D7000A2CF6 = {
						CreatedOnToolsVersion = 10.3;
					};
					806B0E50230D6903000A2CF6 = {
						CreatedOnToolsVersion = 10.3;
					};
				};
			};
			buildConfigurationList = 806B0E37230D68D7000A2CF6 /* Build configuration list for PBXProject "XcodeCodeFormatter" */;
			compatibilityVersion = "Xcode 9.3";
			developmentRegion = en;
			hasScannedForEncodings = 0;
			knownRegions = (
				en,
				Base,
			);
			mainGroup = 806B0E33230D68D7000A2CF6;
			productRefGroup = 806B0E3D230D68D7000A2CF6 /* Products */;
			projectDirPath = "";
			projectRoot = "";
			targets = (
				806B0E3B230D68D7000A2CF6 /* XcodeCodeFormatter */,
				806B0E50230D6903000A2CF6 /* FormatterExtension */,
			);
		};
/* End PBXProject section */

/* Begin PBXResourcesBuildPhase section */
		806B0E3A230D68D7000A2CF6 /* Resources */ = {
			isa = PBXResourcesBuildPhase;
			buildActionMask = 2147483647;
			files = (
				806B0E42230D68D8000A2CF6 /* Assets.xcassets in Resources */,
				806B0E45230D68D8000A2CF6 /* MainMenu.xib in Resources */,
			);
			runOnlyForDeploymentPostprocessing = 0;
		};
		806B0E4F230D6903000A2CF6 /* Resources */ = {
			isa = PBXResourcesBuildPhase;
			buildActionMask = 2147483647;
			files = (
			);
			runOnlyForDeploymentPostprocessing = 0;
		};
/* End PBXResourcesBuildPhase section */

/* Begin PBXSourcesBuildPhase section */
		806B0E38230D68D7000A2CF6 /* Sources */ = {
			isa = PBXSourcesBuildPhase;
			buildActionMask = 2147483647;
			files = (
				806B0E40230D68D7000A2CF6 /* AppDelegate.swift in Sources */,
			);
			runOnlyForDeploymentPostprocessing = 0;
		};
		806B0E4D230D6903000A2CF6 /* Sources */ = {
			isa = PBXSourcesBuildPhase;
			buildActionMask = 2147483647;
			files = (
				806B0E57230D6903000A2CF6 /* SourceEditorExtension.swift in Sources */,
				806B0E59230D6903000A2CF6 /* SourceEditorCommand.swift in Sources */,
			);
			runOnlyForDeploymentPostprocessing = 0;
		};
/* End PBXSourcesBuildPhase section */

/* Begin PBXTargetDependency section */
		806B0E5D230D6903000A2CF6 /* PBXTargetDependency */ = {
			isa = PBXTargetDependency;
			target = 806B0E50230D6903000A2CF6 /* FormatterExtension */;
			targetProxy = 806B0E5C230D6903000A2CF6 /* PBXContainerItemProxy */;
		};
/* End PBXTargetDependency section */

/* Begin PBXVariantGroup section */
		806B0E43230D68D8000A2CF6 /* MainMenu.xib */ = {
			isa = PBXVariantGroup;
			children = (
				806B0E44230D68D8000A2CF6 /* Base */,
			);
			name = MainMenu.xib;
			sourceTree = "<group>";
		};
/* End PBXVariantGroup section */

/* Begin XCBuildConfiguration section */
		806B0E48230D68D8000A2CF6 /* Debug */ = {
			isa = XCBuildConfiguration;
			buildSettings = {
				ALWAYS_SEARCH_USER_PATHS = NO;
				CLANG_ANALYZER_NONNULL = YES;
				CLANG_ANALYZER_NUMBER_OBJECT_CONVERSION = YES_AGGRESSIVE;
				CLANG_CXX_LANGUAGE_STANDARD = "gnu++14";
				CLANG_CXX_LIBRARY = "libc++";
				CLANG_ENABLE_MODULES = YES;
				CLANG_ENABLE_OBJC_ARC = YES;
				CLANG_ENABLE_OBJC_WEAK = YES;
				CLANG_WARN_BLOCK_CAPTURE_AUTORELEASING = YES;
				CLANG_WARN_BOOL_CONVERSION = YES;
				CLANG_WARN_COMMA = YES;
				CLANG_WARN_CONSTANT_CONVERSION = YES;
				CLANG_WARN_DEPRECATED_OBJC_IMPLEMENTATIONS = YES;
				CLANG_WARN_DIRECT_OBJC_ISA_USAGE = YES_ERROR;
				CLANG_WARN_DOCUMENTATION_COMMENTS = YES;
				CLANG_WARN_EMPTY_BODY = YES;
				CLANG_WARN_ENUM_CONVERSION = YES;
				CLANG_WARN_INFINITE_RECURSION = YES;
				CLANG_WARN_INT_CONVERSION = YES;
				CLANG_WARN_NON_LITERAL_NULL_CONVERSION = YES;
				CLANG_WARN_OBJC_IMPLICIT_RETAIN_SELF = YES;
				CLANG_WARN_OBJC_LITERAL_CONVERSION = YES;
				CLANG_WARN_OBJC_ROOT_CLASS = YES_ERROR;
				CLANG_WARN_RANGE_LOOP_ANALYSIS = YES;
				CLANG_WARN_STRICT_PROTOTYPES = YES;
				CLANG_WARN_SUSPICIOUS_MOVE = YES;
				CLANG_WARN_UNGUARDED_AVAILABILITY = YES_AGGRESSIVE;
				CLANG_WARN_UNREACHABLE_CODE = YES;
				CLANG_WARN__DUPLICATE_METHOD_MATCH = YES;
				CODE_SIGN_IDENTITY = "Mac Developer";
				COPY_PHASE_STRIP = NO;
				DEBUG_INFORMATION_FORMAT = dwarf;
				ENABLE_STRICT_OBJC_MSGSEND = YES;
				ENABLE_TESTABILITY = YES;
				GCC_C_LANGUAGE_STANDARD = gnu11;
				GCC_DYNAMIC_NO_PIC = NO;
				GCC_NO_COMMON_BLOCKS = YES;
				GCC_OPTIMIZATION_LEVEL = 0;
				GCC_PREPROCESSOR_DEFINITIONS = (
					"DEBUG=1",
					"$(inherited)",
				);
				GCC_WARN_64_TO_32_BIT_CONVERSION = YES;
				GCC_WARN_ABOUT_RETURN_TYPE = YES_ERROR;
				GCC_WARN_UNDECLARED_SELECTOR = YES;
				GCC_WARN_UNINITIALIZED_AUTOS = YES_AGGRESSIVE;
				GCC_WARN_UNUSED_FUNCTION = YES;
				GCC_WARN_UNUSED_VARIABLE = YES;
				MACOSX_DEPLOYMENT_TARGET = 10.14;
				MTL_ENABLE_DEBUG_INFO = INCLUDE_SOURCE;
				MTL_FAST_MATH = YES;
				ONLY_ACTIVE_ARCH = YES;
				SDKROOT = macosx;
				SWIFT_ACTIVE_COMPILATION_CONDITIONS = DEBUG;
				SWIFT_OPTIMIZATION_LEVEL = "-Onone";
			};
			name = Debug;
		};
		806B0E49230D68D8000A2CF6 /* Release */ = {
			isa = XCBuildConfiguration;
			buildSettings = {
				ALWAYS_SEARCH_USER_PATHS = NO;
				CLANG_ANALYZER_NONNULL = YES;
				CLANG_ANALYZER_NUMBER_OBJECT_CONVERSION = YES_AGGRESSIVE;
				CLANG_CXX_LANGUAGE_STANDARD = "gnu++14";
				CLANG_CXX_LIBRARY = "libc++";
				CLANG_ENABLE_MODULES = YES;
				CLANG_ENABLE_OBJC_ARC = YES;
				CLANG_ENABLE_OBJC_WEAK = YES;
				CLANG_WARN_BLOCK_CAPTURE_AUTORELEASING = YES;
				CLANG_WARN_BOOL_CONVERSION = YES;
				CLANG_WARN_COMMA = YES;
				CLANG_WARN_CONSTANT_CONVERSION = YES;
				CLANG_WARN_DEPRECATED_OBJC_IMPLEMENTATIONS = YES;
				CLANG_WARN_DIRECT_OBJC_ISA_USAGE = YES_ERROR;
				CLANG_WARN_DOCUMENTATION_COMMENTS = YES;
				CLANG_WARN_EMPTY_BODY = YES;
				CLANG_WARN_ENUM_CONVERSION = YES;
				CLANG_WARN_INFINITE_RECURSION = YES;
				CLANG_WARN_INT_CONVERSION = YES;
				CLANG_WARN_NON_LITERAL_NULL_CONVERSION = YES;
				CLANG_WARN_OBJC_IMPLICIT_RETAIN_SELF = YES;
				CLANG_WARN_OBJC_LITERAL_CONVERSION = YES;
				CLANG_WARN_OBJC_ROOT_CLASS = YES_ERROR;
				CLANG_WARN_RANGE_LOOP_ANALYSIS = YES;
				CLANG_WARN_STRICT_PROTOTYPES = YES;
				CLANG_WARN_SUSPICIOUS_MOVE = YES;
				CLANG_WARN_UNGUARDED_AVAILABILITY = YES_AGGRESSIVE;
				CLANG_WARN_UNREACHABLE_CODE = YES;
				CLANG_WARN__DUPLICATE_METHOD_MATCH = YES;
				CODE_SIGN_IDENTITY = "Mac Developer";
				COPY_PHASE_STRIP = NO;
				DEBUG_INFORMATION_FORMAT = "dwarf-with-dsym";
				ENABLE_NS_ASSERTIONS = NO;
				ENABLE_STRICT_OBJC_MSGSEND = YES;
				GCC_C_LANGUAGE_STANDARD = gnu11;
				GCC_NO_COMMON_BLOCKS = YES;
				GCC_WARN_64_TO_32_BIT_CONVERSION = YES;
				GCC_WARN_ABOUT_RETURN_TYPE = YES_ERROR;
				GCC_WARN_UNDECLARED_SELECTOR = YES;
				GCC_WARN_UNINITIALIZED_AUTOS = YES_AGGRESSIVE;
				GCC_WARN_UNUSED_FUNCTION = YES;
				GCC_WARN_UNUSED_VARIABLE = YES;
				MACOSX_DEPLOYMENT_TARGET = 10.14;
				MTL_ENABLE_DEBUG_INFO = NO;
				MTL_FAST_MATH = YES;
				SDKROOT = macosx;
				SWIFT_COMPILATION_MODE = wholemodule;
				SWIFT_OPTIMIZATION_LEVEL = "-O";
			};
			name = Release;
		};
		806B0E4B230D68D8000A2CF6 /* Debug */ = {
			isa = XCBuildConfiguration;
			buildSettings = {
				ALWAYS_EMBED_SWIFT_STANDARD_LIBRARIES = YES;
				ASSETCATALOG_COMPILER_APPICON_NAME = AppIcon;
				CODE_SIGN_ENTITLEMENTS = XcodeCodeFormatter/XcodeCodeFormatter.entitlements;
				CODE_SIGN_STYLE = Automatic;
				COMBINE_HIDPI_IMAGES = YES;
				DEVELOPMENT_TEAM = JJXJH8ZQP2;
				INFOPLIST_FILE = XcodeCodeFormatter/Info.plist;
				LD_RUNPATH_SEARCH_PATHS = (
					"$(inherited)",
					"@executable_path/../Frameworks",
				);
				PRODUCT_BUNDLE_IDENTIFIER = com.nanosparrow.XcodeCodeFormatter;
				PRODUCT_NAME = "$(TARGET_NAME)";
				SWIFT_VERSION = 5.0;
			};
			name = Debug;
		};
		806B0E4C230D68D8000A2CF6 /* Release */ = {
			isa = XCBuildConfiguration;
			buildSettings = {
				ALWAYS_EMBED_SWIFT_STANDARD_LIBRARIES = YES;
				ASSETCATALOG_COMPILER_APPICON_NAME = AppIcon;
				CODE_SIGN_ENTITLEMENTS = XcodeCodeFormatter/XcodeCodeFormatter.entitlements;
				CODE_SIGN_STYLE = Automatic;
				COMBINE_HIDPI_IMAGES = YES;
				DEVELOPMENT_TEAM = JJXJH8ZQP2;
				INFOPLIST_FILE = XcodeCodeFormatter/Info.plist;
				LD_RUNPATH_SEARCH_PATHS = (
					"$(inherited)",
					"@executable_path/../Frameworks",
				);
				PRODUCT_BUNDLE_IDENTIFIER = com.nanosparrow.XcodeCodeFormatter;
				PRODUCT_NAME = "$(TARGET_NAME)";
				SWIFT_VERSION = 5.0;
			};
			name = Release;
		};
		806B0E60230D6903000A2CF6 /* Debug */ = {
			isa = XCBuildConfiguration;
			buildSettings = {
				CODE_SIGN_ENTITLEMENTS = FormatterExtension/FormatterExtension.entitlements;
				CODE_SIGN_STYLE = Automatic;
				COMBINE_HIDPI_IMAGES = YES;
				DEVELOPMENT_TEAM = JJXJH8ZQP2;
				INFOPLIST_FILE = FormatterExtension/Info.plist;
				LD_RUNPATH_SEARCH_PATHS = (
					"$(inherited)",
					"@executable_path/../Frameworks",
					"@executable_path/../../../../Frameworks",
				);
				PRODUCT_BUNDLE_IDENTIFIER = com.nanosparrow.XcodeCodeFormatter.FormatterExtension;
				PRODUCT_NAME = "$(TARGET_NAME)";
				SKIP_INSTALL = YES;
				SWIFT_VERSION = 5.0;
			};
			name = Debug;
		};
		806B0E61230D6903000A2CF6 /* Release */ = {
			isa = XCBuildConfiguration;
			buildSettings = {
				CODE_SIGN_ENTITLEMENTS = FormatterExtension/FormatterExtension.entitlements;
				CODE_SIGN_STYLE = Automatic;
				COMBINE_HIDPI_IMAGES = YES;
				DEVELOPMENT_TEAM = JJXJH8ZQP2;
				INFOPLIST_FILE = FormatterExtension/Info.plist;
				LD_RUNPATH_SEARCH_PATHS = (
					"$(inherited)",
					"@executable_path/../Frameworks",
					"@executable_path/../../../../Frameworks",
				);
				PRODUCT_BUNDLE_IDENTIFIER = com.nanosparrow.XcodeCodeFormatter.FormatterExtension;
				PRODUCT_NAME = "$(TARGET_NAME)";
				SKIP_INSTALL = YES;
				SWIFT_VERSION = 5.0;
			};
			name = Release;
		};
/* End XCBuildConfiguration section */

/* Begin XCConfigurationList section */
		806B0E37230D68D7000A2CF6 /* Build configuration list for PBXProject "XcodeCodeFormatter" */ = {
			isa = XCConfigurationList;
			buildConfigurations = (
				806B0E48230D68D8000A2CF6 /* Debug */,
				806B0E49230D68D8000A2CF6 /* Release */,
			);
			defaultConfigurationIsVisible = 0;
			defaultConfigurationName = Release;
		};
		806B0E4A230D68D8000A2CF6 /* Build configuration list for PBXNativeTarget "XcodeCodeFormatter" */ = {
			isa = XCConfigurationList;
			buildConfigurations = (
				806B0E4B230D68D8000A2CF6 /* Debug */,
				806B0E4C230D68D8000A2CF6 /* Release */,
			);
			defaultConfigurationIsVisible = 0;
			defaultConfigurationName = Release;
		};
		806B0E5F230D6903000A2CF6 /* Build configuration list for PBXNativeTarget "FormatterExtension" */ = {
			isa = XCConfigurationList;
			buildConfigurations = (
				806B0E60230D6903000A2CF6 /* Debug */,
				806B0E61230D6903000A2CF6 /* Release */,
			);
			defaultConfigurationIsVisible = 0;
			defaultConfigurationName = Release;
		};
/* End XCConfigurationList section */
	};
	rootObject = 806B0E34230D68D7000A2CF6 /* Project object */;
}
