// !$*UTF8*$!
{
	archiveVersion = 1;
	classes = {
	};
	objectVersion = 50;
	objects = {

/* Begin PBXBuildFile section */
		809A057B22FAC5E700FD3464 /* AppDelegate.swift in Sources */ = {isa = PBXBuildFile; fileRef = 809A057A22FAC5E700FD3464 /* AppDelegate.swift */; };
		809A057D22FAC5E700FD3464 /* ViewController.swift in Sources */ = {isa = PBXBuildFile; fileRef = 809A057C22FAC5E700FD3464 /* ViewController.swift */; };
		809A058022FAC5E700FD3464 /* Main.storyboard in Resources */ = {isa = PBXBuildFile; fileRef = 809A057E22FAC5E700FD3464 /* Main.storyboard */; };
		809A058222FAC5E800FD3464 /* Assets.xcassets in Resources */ = {isa = PBXBuildFile; fileRef = 809A058122FAC5E800FD3464 /* Assets.xcassets */; };
		809A058522FAC5E800FD3464 /* LaunchScreen.storyboard in Resources */ = {isa = PBXBuildFile; fileRef = 809A058322FAC5E800FD3464 /* LaunchScreen.storyboard */; };
		809A059022FAC5E800FD3464 /* SocketDemoTests.swift in Sources */ = {isa = PBXBuildFile; fileRef = 809A058F22FAC5E800FD3464 /* SocketDemoTests.swift */; };
		809A059B22FAC5E800FD3464 /* SocketDemoUITests.swift in Sources */ = {isa = PBXBuildFile; fileRef = 809A059A22FAC5E800FD3464 /* SocketDemoUITests.swift */; };
		809A05A922FAC60800FD3464 /* NASStreamManager.swift in Sources */ = {isa = PBXBuildFile; fileRef = 809A05A822FAC60800FD3464 /* NASStreamManager.swift */; };
/* End PBXBuildFile section */

/* Begin PBXContainerItemProxy section */
		809A058C22FAC5E800FD3464 /* PBXContainerItemProxy */ = {
			isa = PBXContainerItemProxy;
			containerPortal = 809A056F22FAC5E700FD3464 /* Project object */;
			proxyType = 1;
			remoteGlobalIDString = 809A057622FAC5E700FD3464;
			remoteInfo = SocketDemo;
		};
		809A059722FAC5E800FD3464 /* PBXContainerItemProxy */ = {
			isa = PBXContainerItemProxy;
			containerPortal = 809A056F22FAC5E700FD3464 /* Project object */;
			proxyType = 1;
			remoteGlobalIDString = 809A057622FAC5E700FD3464;
			remoteInfo = SocketDemo;
		};
/* End PBXContainerItemProxy section */

/* Begin PBXFileReference section */
		809A057722FAC5E700FD3464 /* SocketDemo.app */ = {isa = PBXFileReference; explicitFileType = wrapper.application; includeInIndex = 0; path = SocketDemo.app; sourceTree = BUILT_PRODUCTS_DIR; };
		809A057A22FAC5E700FD3464 /* AppDelegate.swift */ = {isa = PBXFileReference; lastKnownFileType = sourcecode.swift; path = AppDelegate.swift; sourceTree = "<group>"; };
		809A057C22FAC5E700FD3464 /* ViewController.swift */ = {isa = PBXFileReference; lastKnownFileType = sourcecode.swift; path = ViewController.swift; sourceTree = "<group>"; };
		809A057F22FAC5E700FD3464 /* Base */ = {isa = PBXFileReference; lastKnownFileType = file.storyboard; name = Base; path = Base.lproj/Main.storyboard; sourceTree = "<group>"; };
		809A058122FAC5E800FD3464 /* Assets.xcassets */ = {isa = PBXFileReference; lastKnownFileType = folder.assetcatalog; path = Assets.xcassets; sourceTree = "<group>"; };
		809A058422FAC5E800FD3464 /* Base */ = {isa = PBXFileReference; lastKnownFileType = file.storyboard; name = Base; path = Base.lproj/LaunchScreen.storyboard; sourceTree = "<group>"; };
		809A058622FAC5E800FD3464 /* Info.plist */ = {isa = PBXFileReference; lastKnownFileType = text.plist.xml; path = Info.plist; sourceTree = "<group>"; };
		809A058B22FAC5E800FD3464 /* SocketDemoTests.xctest */ = {isa = PBXFileReference; explicitFileType = wrapper.cfbundle; includeInIndex = 0; path = SocketDemoTests.xctest; sourceTree = BUILT_PRODUCTS_DIR; };
		809A058F22FAC5E800FD3464 /* SocketDemoTests.swift */ = {isa = PBXFileReference; lastKnownFileType = sourcecode.swift; path = SocketDemoTests.swift; sourceTree = "<group>"; };
		809A059122FAC5E800FD3464 /* Info.plist */ = {isa = PBXFileReference; lastKnownFileType = text.plist.xml; path = Info.plist; sourceTree = "<group>"; };
		809A059622FAC5E800FD3464 /* SocketDemoUITests.xctest */ = {isa = PBXFileReference; explicitFileType = wrapper.cfbundle; includeInIndex = 0; path = SocketDemoUITests.xctest; sourceTree = BUILT_PRODUCTS_DIR; };
		809A059A22FAC5E800FD3464 /* SocketDemoUITests.swift */ = {isa = PBXFileReference; lastKnownFileType = sourcecode.swift; path = SocketDemoUITests.swift; sourceTree = "<group>"; };
		809A059C22FAC5E800FD3464 /* Info.plist */ = {isa = PBXFileReference; lastKnownFileType = text.plist.xml; path = Info.plist; sourceTree = "<group>"; };
		809A05A822FAC60800FD3464 /* NASStreamManager.swift */ = {isa = PBXFileReference; lastKnownFileType = sourcecode.swift; path = NASStreamManager.swift; sourceTree = "<group>"; };
/* End PBXFileReference section */

/* Begin PBXFrameworksBuildPhase section */
		809A057422FAC5E700FD3464 /* Frameworks */ = {
			isa = PBXFrameworksBuildPhase;
			buildActionMask = 2147483647;
			files = (
			);
			runOnlyForDeploymentPostprocessing = 0;
		};
		809A058822FAC5E800FD3464 /* Frameworks */ = {
			isa = PBXFrameworksBuildPhase;
			buildActionMask = 2147483647;
			files = (
			);
			runOnlyForDeploymentPostprocessing = 0;
		};
		809A059322FAC5E800FD3464 /* Frameworks */ = {
			isa = PBXFrameworksBuildPhase;
			buildActionMask = 2147483647;
			files = (
			);
			runOnlyForDeploymentPostprocessing = 0;
		};
/* End PBXFrameworksBuildPhase section */

/* Begin PBXGroup section */
		809A056E22FAC5E700FD3464 = {
			isa = PBXGroup;
			children = (
				809A057922FAC5E700FD3464 /* SocketDemo */,
				809A058E22FAC5E800FD3464 /* SocketDemoTests */,
				809A059922FAC5E800FD3464 /* SocketDemoUITests */,
				809A057822FAC5E700FD3464 /* Products */,
			);
			sourceTree = "<group>";
		};
		809A057822FAC5E700FD3464 /* Products */ = {
			isa = PBXGroup;
			children = (
				809A057722FAC5E700FD3464 /* SocketDemo.app */,
				809A058B22FAC5E800FD3464 /* SocketDemoTests.xctest */,
				809A059622FAC5E800FD3464 /* SocketDemoUITests.xctest */,
			);
			name = Products;
			sourceTree = "<group>";
		};
		809A057922FAC5E700FD3464 /* SocketDemo */ = {
			isa = PBXGroup;
			children = (
				809A057A22FAC5E700FD3464 /* AppDelegate.swift */,
				809A057C22FAC5E700FD3464 /* ViewController.swift */,
				809A057E22FAC5E700FD3464 /* Main.storyboard */,
				809A058122FAC5E800FD3464 /* Assets.xcassets */,
				809A058322FAC5E800FD3464 /* LaunchScreen.storyboard */,
				809A058622FAC5E800FD3464 /* Info.plist */,
				809A05A822FAC60800FD3464 /* NASStreamManager.swift */,
			);
			path = SocketDemo;
			sourceTree = "<group>";
		};
		809A058E22FAC5E800FD3464 /* SocketDemoTests */ = {
			isa = PBXGroup;
			children = (
				809A058F22FAC5E800FD3464 /* SocketDemoTests.swift */,
				809A059122FAC5E800FD3464 /* Info.plist */,
			);
			path = SocketDemoTests;
			sourceTree = "<group>";
		};
		809A059922FAC5E800FD3464 /* SocketDemoUITests */ = {
			isa = PBXGroup;
			children = (
				809A059A22FAC5E800FD3464 /* SocketDemoUITests.swift */,
				809A059C22FAC5E800FD3464 /* Info.plist */,
			);
			path = SocketDemoUITests;
			sourceTree = "<group>";
		};
/* End PBXGroup section */

/* Begin PBXNativeTarget section */
		809A057622FAC5E700FD3464 /* SocketDemo */ = {
			isa = PBXNativeTarget;
			buildConfigurationList = 809A059F22FAC5E800FD3464 /* Build configuration list for PBXNativeTarget "SocketDemo" */;
			buildPhases = (
				809A057322FAC5E700FD3464 /* Sources */,
				809A057422FAC5E700FD3464 /* Frameworks */,
				809A057522FAC5E700FD3464 /* Resources */,
			);
			buildRules = (
			);
			dependencies = (
			);
			name = SocketDemo;
			productName = SocketDemo;
			productReference = 809A057722FAC5E700FD3464 /* SocketDemo.app */;
			productType = "com.apple.product-type.application";
		};
		809A058A22FAC5E800FD3464 /* SocketDemoTests */ = {
			isa = PBXNativeTarget;
			buildConfigurationList = 809A05A222FAC5E800FD3464 /* Build configuration list for PBXNativeTarget "SocketDemoTests" */;
			buildPhases = (
				809A058722FAC5E800FD3464 /* Sources */,
				809A058822FAC5E800FD3464 /* Frameworks */,
				809A058922FAC5E800FD3464 /* Resources */,
			);
			buildRules = (
			);
			dependencies = (
				809A058D22FAC5E800FD3464 /* PBXTargetDependency */,
			);
			name = SocketDemoTests;
			productName = SocketDemoTests;
			productReference = 809A058B22FAC5E800FD3464 /* SocketDemoTests.xctest */;
			productType = "com.apple.product-type.bundle.unit-test";
		};
		809A059522FAC5E800FD3464 /* SocketDemoUITests */ = {
			isa = PBXNativeTarget;
			buildConfigurationList = 809A05A522FAC5E800FD3464 /* Build configuration list for PBXNativeTarget "SocketDemoUITests" */;
			buildPhases = (
				809A059222FAC5E800FD3464 /* Sources */,
				809A059322FAC5E800FD3464 /* Frameworks */,
				809A059422FAC5E800FD3464 /* Resources */,
			);
			buildRules = (
			);
			dependencies = (
				809A059822FAC5E800FD3464 /* PBXTargetDependency */,
			);
			name = SocketDemoUITests;
			productName = SocketDemoUITests;
			productReference = 809A059622FAC5E800FD3464 /* SocketDemoUITests.xctest */;
			productType = "com.apple.product-type.bundle.ui-testing";
		};
/* End PBXNativeTarget section */

/* Begin PBXProject section */
		809A056F22FAC5E700FD3464 /* Project object */ = {
			isa = PBXProject;
			attributes = {
				LastSwiftUpdateCheck = 1030;
				LastUpgradeCheck = 1030;
				ORGANIZATIONNAME = NanoSparrow;
				TargetAttributes = {
					809A057622FAC5E700FD3464 = {
						CreatedOnToolsVersion = 10.3;
					};
					809A058A22FAC5E800FD3464 = {
						CreatedOnToolsVersion = 10.3;
						TestTargetID = 809A057622FAC5E700FD3464;
					};
					809A059522FAC5E800FD3464 = {
						CreatedOnToolsVersion = 10.3;
						TestTargetID = 809A057622FAC5E700FD3464;
					};
				};
			};
			buildConfigurationList = 809A057222FAC5E700FD3464 /* Build configuration list for PBXProject "SocketDemo" */;
			compatibilityVersion = "Xcode 9.3";
			developmentRegion = en;
			hasScannedForEncodings = 0;
			knownRegions = (
				en,
				Base,
			);
			mainGroup = 809A056E22FAC5E700FD3464;
			productRefGroup = 809A057822FAC5E700FD3464 /* Products */;
			projectDirPath = "";
			projectRoot = "";
			targets = (
				809A057622FAC5E700FD3464 /* SocketDemo */,
				809A058A22FAC5E800FD3464 /* SocketDemoTests */,
				809A059522FAC5E800FD3464 /* SocketDemoUITests */,
			);
		};
/* End PBXProject section */

/* Begin PBXResourcesBuildPhase section */
		809A057522FAC5E700FD3464 /* Resources */ = {
			isa = PBXResourcesBuildPhase;
			buildActionMask = 2147483647;
			files = (
				809A058522FAC5E800FD3464 /* LaunchScreen.storyboard in Resources */,
				809A058222FAC5E800FD3464 /* Assets.xcassets in Resources */,
				809A058022FAC5E700FD3464 /* Main.storyboard in Resources */,
			);
			runOnlyForDeploymentPostprocessing = 0;
		};
		809A058922FAC5E800FD3464 /* Resources */ = {
			isa = PBXResourcesBuildPhase;
			buildActionMask = 2147483647;
			files = (
			);
			runOnlyForDeploymentPostprocessing = 0;
		};
		809A059422FAC5E800FD3464 /* Resources */ = {
			isa = PBXResourcesBuildPhase;
			buildActionMask = 2147483647;
			files = (
			);
			runOnlyForDeploymentPostprocessing = 0;
		};
/* End PBXResourcesBuildPhase section */

/* Begin PBXSourcesBuildPhase section */
		809A057322FAC5E700FD3464 /* Sources */ = {
			isa = PBXSourcesBuildPhase;
			buildActionMask = 2147483647;
			files = (
				809A057D22FAC5E700FD3464 /* ViewController.swift in Sources */,
				809A05A922FAC60800FD3464 /* NASStreamManager.swift in Sources */,
				809A057B22FAC5E700FD3464 /* AppDelegate.swift in Sources */,
			);
			runOnlyForDeploymentPostprocessing = 0;
		};
		809A058722FAC5E800FD3464 /* Sources */ = {
			isa = PBXSourcesBuildPhase;
			buildActionMask = 2147483647;
			files = (
				809A059022FAC5E800FD3464 /* SocketDemoTests.swift in Sources */,
			);
			runOnlyForDeploymentPostprocessing = 0;
		};
		809A059222FAC5E800FD3464 /* Sources */ = {
			isa = PBXSourcesBuildPhase;
			buildActionMask = 2147483647;
			files = (
				809A059B22FAC5E800FD3464 /* SocketDemoUITests.swift in Sources */,
			);
			runOnlyForDeploymentPostprocessing = 0;
		};
/* End PBXSourcesBuildPhase section */

/* Begin PBXTargetDependency section */
		809A058D22FAC5E800FD3464 /* PBXTargetDependency */ = {
			isa = PBXTargetDependency;
			target = 809A057622FAC5E700FD3464 /* SocketDemo */;
			targetProxy = 809A058C22FAC5E800FD3464 /* PBXContainerItemProxy */;
		};
		809A059822FAC5E800FD3464 /* PBXTargetDependency */ = {
			isa = PBXTargetDependency;
			target = 809A057622FAC5E700FD3464 /* SocketDemo */;
			targetProxy = 809A059722FAC5E800FD3464 /* PBXContainerItemProxy */;
		};
/* End PBXTargetDependency section */

/* Begin PBXVariantGroup section */
		809A057E22FAC5E700FD3464 /* Main.storyboard */ = {
			isa = PBXVariantGroup;
			children = (
				809A057F22FAC5E700FD3464 /* Base */,
			);
			name = Main.storyboard;
			sourceTree = "<group>";
		};
		809A058322FAC5E800FD3464 /* LaunchScreen.storyboard */ = {
			isa = PBXVariantGroup;
			children = (
				809A058422FAC5E800FD3464 /* Base */,
			);
			name = LaunchScreen.storyboard;
			sourceTree = "<group>";
		};
/* End PBXVariantGroup section */

/* Begin XCBuildConfiguration section */
		809A059D22FAC5E800FD3464 /* Debug */ = {
			isa = XCBuildConfiguration;
			buildSettings = {
				ALWAYS_SEARCH_USER_PATHS = NO;
				CLANG_ANALYZER_NONNULL = YES;
				CLANG_ANALYZER_NUMBER_OBJECT_CONVERSION = YES_AGGRESSIVE;
				CLANG_CXX_LANGUAGE_STANDARD = "gnu++14";
				CLANG_CXX_LIBRARY = "libc++";
				CLANG_ENABLE_MODULES = YES;
				CLANG_ENABLE_OBJC_ARC = YES;
				CLANG_ENABLE_OBJC_WEAK = YES;
				CLANG_WARN_BLOCK_CAPTURE_AUTORELEASING = YES;
				CLANG_WARN_BOOL_CONVERSION = YES;
				CLANG_WARN_COMMA = YES;
				CLANG_WARN_CONSTANT_CONVERSION = YES;
				CLANG_WARN_DEPRECATED_OBJC_IMPLEMENTATIONS = YES;
				CLANG_WARN_DIRECT_OBJC_ISA_USAGE = YES_ERROR;
				CLANG_WARN_DOCUMENTATION_COMMENTS = YES;
				CLANG_WARN_EMPTY_BODY = YES;
				CLANG_WARN_ENUM_CONVERSION = YES;
				CLANG_WARN_INFINITE_RECURSION = YES;
				CLANG_WARN_INT_CONVERSION = YES;
				CLANG_WARN_NON_LITERAL_NULL_CONVERSION = YES;
				CLANG_WARN_OBJC_IMPLICIT_RETAIN_SELF = YES;
				CLANG_WARN_OBJC_LITERAL_CONVERSION = YES;
				CLANG_WARN_OBJC_ROOT_CLASS = YES_ERROR;
				CLANG_WARN_RANGE_LOOP_ANALYSIS = YES;
				CLANG_WARN_STRICT_PROTOTYPES = YES;
				CLANG_WARN_SUSPICIOUS_MOVE = YES;
				CLANG_WARN_UNGUARDED_AVAILABILITY = YES_AGGRESSIVE;
				CLANG_WARN_UNREACHABLE_CODE = YES;
				CLANG_WARN__DUPLICATE_METHOD_MATCH = YES;
				CODE_SIGN_IDENTITY = "iPhone Developer";
				COPY_PHASE_STRIP = NO;
				DEBUG_INFORMATION_FORMAT = dwarf;
				ENABLE_STRICT_OBJC_MSGSEND = YES;
				ENABLE_TESTABILITY = YES;
				GCC_C_LANGUAGE_STANDARD = gnu11;
				GCC_DYNAMIC_NO_PIC = NO;
				GCC_NO_COMMON_BLOCKS = YES;
				GCC_OPTIMIZATION_LEVEL = 0;
				GCC_PREPROCESSOR_DEFINITIONS = (
					"DEBUG=1",
					"$(inherited)",
				);
				GCC_WARN_64_TO_32_BIT_CONVERSION = YES;
				GCC_WARN_ABOUT_RETURN_TYPE = YES_ERROR;
				GCC_WARN_UNDECLARED_SELECTOR = YES;
				GCC_WARN_UNINITIALIZED_AUTOS = YES_AGGRESSIVE;
				GCC_WARN_UNUSED_FUNCTION = YES;
				GCC_WARN_UNUSED_VARIABLE = YES;
				IPHONEOS_DEPLOYMENT_TARGET = 12.4;
				MTL_ENABLE_DEBUG_INFO = INCLUDE_SOURCE;
				MTL_FAST_MATH = YES;
				ONLY_ACTIVE_ARCH = YES;
				SDKROOT = iphoneos;
				SWIFT_ACTIVE_COMPILATION_CONDITIONS = DEBUG;
				SWIFT_OPTIMIZATION_LEVEL = "-Onone";
			};
			name = Debug;
		};
		809A059E22FAC5E800FD3464 /* Release */ = {
			isa = XCBuildConfiguration;
			buildSettings = {
				ALWAYS_SEARCH_USER_PATHS = NO;
				CLANG_ANALYZER_NONNULL = YES;
				CLANG_ANALYZER_NUMBER_OBJECT_CONVERSION = YES_AGGRESSIVE;
				CLANG_CXX_LANGUAGE_STANDARD = "gnu++14";
				CLANG_CXX_LIBRARY = "libc++";
				CLANG_ENABLE_MODULES = YES;
				CLANG_ENABLE_OBJC_ARC = YES;
				CLANG_ENABLE_OBJC_WEAK = YES;
				CLANG_WARN_BLOCK_CAPTURE_AUTORELEASING = YES;
				CLANG_WARN_BOOL_CONVERSION = YES;
				CLANG_WARN_COMMA = YES;
				CLANG_WARN_CONSTANT_CONVERSION = YES;
				CLANG_WARN_DEPRECATED_OBJC_IMPLEMENTATIONS = YES;
				CLANG_WARN_DIRECT_OBJC_ISA_USAGE = YES_ERROR;
				CLANG_WARN_DOCUMENTATION_COMMENTS = YES;
				CLANG_WARN_EMPTY_BODY = YES;
				CLANG_WARN_ENUM_CONVERSION = YES;
				CLANG_WARN_INFINITE_RECURSION = YES;
				CLANG_WARN_INT_CONVERSION = YES;
				CLANG_WARN_NON_LITERAL_NULL_CONVERSION = YES;
				CLANG_WARN_OBJC_IMPLICIT_RETAIN_SELF = YES;
				CLANG_WARN_OBJC_LITERAL_CONVERSION = YES;
				CLANG_WARN_OBJC_ROOT_CLASS = YES_ERROR;
				CLANG_WARN_RANGE_LOOP_ANALYSIS = YES;
				CLANG_WARN_STRICT_PROTOTYPES = YES;
				CLANG_WARN_SUSPICIOUS_MOVE = YES;
				CLANG_WARN_UNGUARDED_AVAILABILITY = YES_AGGRESSIVE;
				CLANG_WARN_UNREACHABLE_CODE = YES;
				CLANG_WARN__DUPLICATE_METHOD_MATCH = YES;
				CODE_SIGN_IDENTITY = "iPhone Developer";
				COPY_PHASE_STRIP = NO;
				DEBUG_INFORMATION_FORMAT = "dwarf-with-dsym";
				ENABLE_NS_ASSERTIONS = NO;
				ENABLE_STRICT_OBJC_MSGSEND = YES;
				GCC_C_LANGUAGE_STANDARD = gnu11;
				GCC_NO_COMMON_BLOCKS = YES;
				GCC_WARN_64_TO_32_BIT_CONVERSION = YES;
				GCC_WARN_ABOUT_RETURN_TYPE = YES_ERROR;
				GCC_WARN_UNDECLARED_SELECTOR = YES;
				GCC_WARN_UNINITIALIZED_AUTOS = YES_AGGRESSIVE;
				GCC_WARN_UNUSED_FUNCTION = YES;
				GCC_WARN_UNUSED_VARIABLE = YES;
				IPHONEOS_DEPLOYMENT_TARGET = 12.4;
				MTL_ENABLE_DEBUG_INFO = NO;
				MTL_FAST_MATH = YES;
				SDKROOT = iphoneos;
				SWIFT_COMPILATION_MODE = wholemodule;
				SWIFT_OPTIMIZATION_LEVEL = "-O";
				VALIDATE_PRODUCT = YES;
			};
			name = Release;
		};
		809A05A022FAC5E800FD3464 /* Debug */ = {
			isa = XCBuildConfiguration;
			buildSettings = {
				ASSETCATALOG_COMPILER_APPICON_NAME = AppIcon;
				CODE_SIGN_STYLE = Automatic;
				DEVELOPMENT_TEAM = JJXJH8ZQP2;
				INFOPLIST_FILE = SocketDemo/Info.plist;
				IPHONEOS_DEPLOYMENT_TARGET = 9.0;
				LD_RUNPATH_SEARCH_PATHS = (
					"$(inherited)",
					"@executable_path/Frameworks",
				);
				PRODUCT_BUNDLE_IDENTIFIER = com.nanosparrow.SocketDemo;
				PRODUCT_NAME = "$(TARGET_NAME)";
				SWIFT_VERSION = 5.0;
				TARGETED_DEVICE_FAMILY = "1,2";
			};
			name = Debug;
		};
		809A05A122FAC5E800FD3464 /* Release */ = {
			isa = XCBuildConfiguration;
			buildSettings = {
				ASSETCATALOG_COMPILER_APPICON_NAME = AppIcon;
				CODE_SIGN_STYLE = Automatic;
				DEVELOPMENT_TEAM = JJXJH8ZQP2;
				INFOPLIST_FILE = SocketDemo/Info.plist;
				IPHONEOS_DEPLOYMENT_TARGET = 9.0;
				LD_RUNPATH_SEARCH_PATHS = (
					"$(inherited)",
					"@executable_path/Frameworks",
				);
				PRODUCT_BUNDLE_IDENTIFIER = com.nanosparrow.SocketDemo;
				PRODUCT_NAME = "$(TARGET_NAME)";
				SWIFT_VERSION = 5.0;
				TARGETED_DEVICE_FAMILY = "1,2";
			};
			name = Release;
		};
		809A05A322FAC5E800FD3464 /* Debug */ = {
			isa = XCBuildConfiguration;
			buildSettings = {
				ALWAYS_EMBED_SWIFT_STANDARD_LIBRARIES = YES;
				BUNDLE_LOADER = "$(TEST_HOST)";
				CODE_SIGN_STYLE = Automatic;
				DEVELOPMENT_TEAM = JJXJH8ZQP2;
				INFOPLIST_FILE = SocketDemoTests/Info.plist;
				LD_RUNPATH_SEARCH_PATHS = (
					"$(inherited)",
					"@executable_path/Frameworks",
					"@loader_path/Frameworks",
				);
				PRODUCT_BUNDLE_IDENTIFIER = com.nanosparrow.SocketDemoTests;
				PRODUCT_NAME = "$(TARGET_NAME)";
				SWIFT_VERSION = 5.0;
				TARGETED_DEVICE_FAMILY = "1,2";
				TEST_HOST = "$(BUILT_PRODUCTS_DIR)/SocketDemo.app/SocketDemo";
			};
			name = Debug;
		};
		809A05A422FAC5E800FD3464 /* Release */ = {
			isa = XCBuildConfiguration;
			buildSettings = {
				ALWAYS_EMBED_SWIFT_STANDARD_LIBRARIES = YES;
				BUNDLE_LOADER = "$(TEST_HOST)";
				CODE_SIGN_STYLE = Automatic;
				DEVELOPMENT_TEAM = JJXJH8ZQP2;
				INFOPLIST_FILE = SocketDemoTests/Info.plist;
				LD_RUNPATH_SEARCH_PATHS = (
					"$(inherited)",
					"@executable_path/Frameworks",
					"@loader_path/Frameworks",
				);
				PRODUCT_BUNDLE_IDENTIFIER = com.nanosparrow.SocketDemoTests;
				PRODUCT_NAME = "$(TARGET_NAME)";
				SWIFT_VERSION = 5.0;
				TARGETED_DEVICE_FAMILY = "1,2";
				TEST_HOST = "$(BUILT_PRODUCTS_DIR)/SocketDemo.app/SocketDemo";
			};
			name = Release;
		};
		809A05A622FAC5E800FD3464 /* Debug */ = {
			isa = XCBuildConfiguration;
			buildSettings = {
				ALWAYS_EMBED_SWIFT_STANDARD_LIBRARIES = YES;
				CODE_SIGN_STYLE = Automatic;
				DEVELOPMENT_TEAM = JJXJH8ZQP2;
				INFOPLIST_FILE = SocketDemoUITests/Info.plist;
				LD_RUNPATH_SEARCH_PATHS = (
					"$(inherited)",
					"@executable_path/Frameworks",
					"@loader_path/Frameworks",
				);
				PRODUCT_BUNDLE_IDENTIFIER = com.nanosparrow.SocketDemoUITests;
				PRODUCT_NAME = "$(TARGET_NAME)";
				SWIFT_VERSION = 5.0;
				TARGETED_DEVICE_FAMILY = "1,2";
				TEST_TARGET_NAME = SocketDemo;
			};
			name = Debug;
		};
		809A05A722FAC5E800FD3464 /* Release */ = {
			isa = XCBuildConfiguration;
			buildSettings = {
				ALWAYS_EMBED_SWIFT_STANDARD_LIBRARIES = YES;
				CODE_SIGN_STYLE = Automatic;
				DEVELOPMENT_TEAM = JJXJH8ZQP2;
				INFOPLIST_FILE = SocketDemoUITests/Info.plist;
				LD_RUNPATH_SEARCH_PATHS = (
					"$(inherited)",
					"@executable_path/Frameworks",
					"@loader_path/Frameworks",
				);
				PRODUCT_BUNDLE_IDENTIFIER = com.nanosparrow.SocketDemoUITests;
				PRODUCT_NAME = "$(TARGET_NAME)";
				SWIFT_VERSION = 5.0;
				TARGETED_DEVICE_FAMILY = "1,2";
				TEST_TARGET_NAME = SocketDemo;
			};
			name = Release;
		};
/* End XCBuildConfiguration section */

/* Begin XCConfigurationList section */
		809A057222FAC5E700FD3464 /* Build configuration list for PBXProject "SocketDemo" */ = {
			isa = XCConfigurationList;
			buildConfigurations = (
				809A059D22FAC5E800FD3464 /* Debug */,
				809A059E22FAC5E800FD3464 /* Release */,
			);
			defaultConfigurationIsVisible = 0;
			defaultConfigurationName = Release;
		};
		809A059F22FAC5E800FD3464 /* Build configuration list for PBXNativeTarget "SocketDemo" */ = {
			isa = XCConfigurationList;
			buildConfigurations = (
				809A05A022FAC5E800FD3464 /* Debug */,
				809A05A122FAC5E800FD3464 /* Release */,
			);
			defaultConfigurationIsVisible = 0;
			defaultConfigurationName = Release;
		};
		809A05A222FAC5E800FD3464 /* Build configuration list for PBXNativeTarget "SocketDemoTests" */ = {
			isa = XCConfigurationList;
			buildConfigurations = (
				809A05A322FAC5E800FD3464 /* Debug */,
				809A05A422FAC5E800FD3464 /* Release */,
			);
			defaultConfigurationIsVisible = 0;
			defaultConfigurationName = Release;
		};
		809A05A522FAC5E800FD3464 /* Build configuration list for PBXNativeTarget "SocketDemoUITests" */ = {
			isa = XCConfigurationList;
			buildConfigurations = (
				809A05A622FAC5E800FD3464 /* Debug */,
				809A05A722FAC5E800FD3464 /* Release */,
			);
			defaultConfigurationIsVisible = 0;
			defaultConfigurationName = Release;
		};
/* End XCConfigurationList section */
	};
	rootObject = 809A056F22FAC5E700FD3464 /* Project object */;
}
